
Microsoft Visual Studio Solution File, Format Version 12.00
# Visual Studio 15
VisualStudioVersion = 15.0.28307.902
MinimumVisualStudioVersion = 10.0.40219.1
Project("{FAE04EC0-301F-11D3-BF4B-00C04F79EFBC}") = "BitcoinExprCracker", "BitcoinExprCracker\BitcoinExprCracker.csproj", "{EFA130F7-552B-46D9-8558-B8C6DEFB5F54}"
EndProject
Global
	GlobalSection(SolutionConfigurationPlatforms) = preSolution
		Debug|Any CPU = Debug|Any CPU
		Release|Any CPU = Release|Any CPU
	EndGlobalSection
	GlobalSection(ProjectConfigurationPlatforms) = postSolution
		{EFA130F7-552B-46D9-8558-B8C6DEFB5F54}.Debug|Any CPU.ActiveCfg = Debug|Any CPU
		{EFA130F7-552B-46D9-8558-B8C6DEFB5F54}.Debug|Any CPU.Build.0 = Debug|Any CPU
		{EFA130F7-552B-46D9-8558-B8C6DEFB5F54}.Release|Any CPU.ActiveCfg = Release|Any CPU
		{EFA130F7-552B-46D9-8558-B8C6DEFB5F54}.Release|Any CPU.Build.0 = Release|Any CPU
	EndGlobalSection
	GlobalSection(SolutionProperties) = preSolution
		HideSolutionNode = FALSE
	EndGlobalSection
	GlobalSection(ExtensibilityGlobals) = postSolution
		SolutionGuid = {A9088E96-7B3F-4F0E-B420-60E5B6323DB5}
	EndGlobalSection
EndGlobal
